{
  "name": "PDP-Monitoring-System-UI",
  "version": "1.0.0",
  "lockfileVersion": 3,
  "requires": true,
  "packages": {
    "": {
      "name": "PDP-Monitoring-System-UI",
      "version": "1.0.0",
      "license": "ISC",
      "dependencies": {
        "webgl-plot": "^0.7.1"
      }
    },
    "node_modules/webgl-plot": {
      "version": "0.7.1",
      "resolved": "https://registry.npmjs.org/webgl-plot/-/webgl-plot-0.7.1.tgz",
      "integrity": "sha512-CSLgEj+Xerd+SZoBpIWMiHk/AhoPb8ZokqmTGPaGOra0++9e5LsiAWIuUWGunOHjllvKAhSKPg7yG4+kiHifew=="
    }
  }
}
